// !$*UTF8*$!
{
	archiveVersion = 1;
	classes = {
	};
	objectVersion = 46;
	objects = {

/* Begin PBXBuildFile section */
		0106D982F218F82958BB7F38 /* TripleSpaceTriggerService.swift in Sources */ = {isa = PBXBuildFile; fileRef = D47D69423B2B508A182DA91D /* TripleSpaceTriggerService.swift */; };
		079080066266F81D8A74F8B6 /* AIRewriteService.swift in Sources */ = {isa = PBXBuildFile; fileRef = F5080A991B4430B046FE9576 /* AIRewriteService.swift */; };
		0C1C143EFD1CD16B5FE9448A /* MenuBarContentView.swift in Sources */ = {isa = PBXBuildFile; fileRef = 2DEC8F610329120330D351A1 /* MenuBarContentView.swift */; };
		0CC2276B329D7AC5471862FB /* SelectionTranslationView.swift in Sources */ = {isa = PBXBuildFile; fileRef = 7DBF325987EB259A924206D1 /* SelectionTranslationView.swift */; };
		0EF77A398FCE84A397BAF380 /* PCMUtilities.swift in Sources */ = {isa = PBXBuildFile; fileRef = 27C5301DEFA6F27B7FCE3711 /* PCMUtilities.swift */; };
		23486F6282EBC5B17E029504 /* TextInsertionService.swift in Sources */ = {isa = PBXBuildFile; fileRef = E26CF66264AEA3A1B6CEF338 /* TextInsertionService.swift */; };
		2F81AC2493F07442C0ADC242 /* SettingsView.swift in Sources */ = {isa = PBXBuildFile; fileRef = DAFC2205141FF16D60C42EDF /* SettingsView.swift */; };
		2FE96785F48C260DB3B29D3F /* SelectionTranslationTests.swift in Sources */ = {isa = PBXBuildFile; fileRef = 29C81F69312FE713BE73CE54 /* SelectionTranslationTests.swift */; };
		342FFD7C459A490D5E21DF29 /* NoTypeBridgeService.swift in Sources */ = {isa = PBXBuildFile; fileRef = 3F15F91FA7E4AE2CCDF768F8 /* NoTypeBridgeService.swift */; };
		34BCB024F0D165B194FDE0CD /* SettingsStore.swift in Sources */ = {isa = PBXBuildFile; fileRef = 7500507A08B58D54CA5A4DDE /* SettingsStore.swift */; };
		3AE89D6CF602B4CB79C3D26A /* MenuBarIconProvider.swift in Sources */ = {isa = PBXBuildFile; fileRef = 3916D8481E915CED69E1E040 /* MenuBarIconProvider.swift */; };
		3DD9588E891C02A7CAFC032D /* TranscriptFormatter.swift in Sources */ = {isa = PBXBuildFile; fileRef = 310FEC59385CBCFD66F34B6D /* TranscriptFormatter.swift */; };
		3DE5AF76BC129BC73A0C93CC /* NoTypeAppModel.swift in Sources */ = {isa = PBXBuildFile; fileRef = 403A5AB196BFA611244929E6 /* NoTypeAppModel.swift */; };
		4285D97C3869A7224BDD7F33 /* SelectionTranslationModel.swift in Sources */ = {isa = PBXBuildFile; fileRef = 3040504722C5659C4FAB7C6F /* SelectionTranslationModel.swift */; };
		4A46CE001DC9183B347555BF /* NoTypeIcon.icns in Resources */ = {isa = PBXBuildFile; fileRef = 504A3E8DC3FC0D278F063912 /* NoTypeIcon.icns */; };
		4B4021F3439BEE9F3A6CF49A /* InputSourceService.swift in Sources */ = {isa = PBXBuildFile; fileRef = 3DEA42D41E4B9CD6C2535893 /* InputSourceService.swift */; };
		58964A75C0FF7376118FDBB7 /* Cocoa.framework in Frameworks */ = {isa = PBXBuildFile; fileRef = FEBD9E132DE86A6C8AF1796F /* Cocoa.framework */; };
		5A6C9AB9FBD16050BB48AC1D /* NoTypeTests.swift in Sources */ = {isa = PBXBuildFile; fileRef = 14F59F397F88AECEFF00957E /* NoTypeTests.swift */; };
		5C33D0D59355F07E0CBC9545 /* OnboardingView.swift in Sources */ = {isa = PBXBuildFile; fileRef = A904CA7CED93D19FE69E2B31 /* OnboardingView.swift */; };
		6D89A537604989E9BFC96344 /* DoubaoStreamingASRProvider.swift in Sources */ = {isa = PBXBuildFile; fileRef = BB245586D79179092A57AEAE /* DoubaoStreamingASRProvider.swift */; };
		89A3C991DD66EA8A96E83417 /* KeychainClient.swift in Sources */ = {isa = PBXBuildFile; fileRef = 23B1627D00667283C19B2417 /* KeychainClient.swift */; };
		8E42351762D7CE2D40BE8547 /* AudioCaptureService.swift in Sources */ = {isa = PBXBuildFile; fileRef = 20A5708E491964F2826483DB /* AudioCaptureService.swift */; };
		953F9FE20F68D463E7CCCB5E /* Cocoa.framework in Frameworks */ = {isa = PBXBuildFile; fileRef = FEBD9E132DE86A6C8AF1796F /* Cocoa.framework */; };
		9E4194F22C57FFE54C536416 /* HotkeyService.swift in Sources */ = {isa = PBXBuildFile; fileRef = 591770F63C70F930CA7DC552 /* HotkeyService.swift */; };
		ABA6728541E91D75E1FF8F9D /* NoType.swift in Sources */ = {isa = PBXBuildFile; fileRef = CC4E23FA6BA3D508D852BDA3 /* NoType.swift */; };
		B2B838FCACCEA0F870EEF418 /* AgentEditorIntegrationService.swift in Sources */ = {isa = PBXBuildFile; fileRef = 13FDFD6FEB26885EE3E03252 /* AgentEditorIntegrationService.swift */; };
		B5A3A6880ABE834194652E6E /* libNoTypeEditorCore.a in Frameworks */ = {isa = PBXBuildFile; fileRef = 4D3AFD0ABCFC8EEFB2EA53BD /* libNoTypeEditorCore.a */; };
		BA72325239DDBE022C6CE6D0 /* AppSettings.swift in Sources */ = {isa = PBXBuildFile; fileRef = B17AFA700F8D2CD1E593EBE3 /* AppSettings.swift */; };
		BADF919106255AACA408A271 /* libNoTypeEditorCore.a in Frameworks */ = {isa = PBXBuildFile; fileRef = 4D3AFD0ABCFC8EEFB2EA53BD /* libNoTypeEditorCore.a */; };
		BD02AFCAB151DE67A918C1A3 /* EditorBridgeClient.swift in Sources */ = {isa = PBXBuildFile; fileRef = 139043933FA7B548F606583B /* EditorBridgeClient.swift */; };
		BF4C875081D649764B9D84AE /* HUDPanelController.swift in Sources */ = {isa = PBXBuildFile; fileRef = 0515BA3C225637D08147D9E5 /* HUDPanelController.swift */; };
		C06F353CD2E58124CB4EA8BC /* SelectionTranslationPanelController.swift in Sources */ = {isa = PBXBuildFile; fileRef = DBB1964AD660AD5353B5485E /* SelectionTranslationPanelController.swift */; };
		C64FBD90111A4668AA95D2D7 /* NoTypeEditor.swift in Sources */ = {isa = PBXBuildFile; fileRef = 4DC1F8B5BE442C296708AE2B /* NoTypeEditor.swift */; };
		D4FA4D39DD30A90029315070 /* EditorBuffer.swift in Sources */ = {isa = PBXBuildFile; fileRef = E9FBC03338D991964D0155A9 /* EditorBuffer.swift */; };
		DDDFDC27852873931F8E8C19 /* HUDPanelView.swift in Sources */ = {isa = PBXBuildFile; fileRef = 3E7E750ABD4988F0FED4E947 /* HUDPanelView.swift */; };
		E51EF72F86452C56658AE86F /* ASRProvider.swift in Sources */ = {isa = PBXBuildFile; fileRef = EA4DB26ADE37174D2070D462 /* ASRProvider.swift */; };
		E7F1AAF1C012DED45E34A8BD /* DictationModels.swift in Sources */ = {isa = PBXBuildFile; fileRef = A85530FEB3C9BCCA6F7EA719 /* DictationModels.swift */; };
		FA24BF42095A1A45219CFA2F /* PermissionService.swift in Sources */ = {isa = PBXBuildFile; fileRef = C4C07CB58CD8973899455E92 /* PermissionService.swift */; };
		FD6740F99E3C6798C7EBC1D8 /* Cocoa.framework in Frameworks */ = {isa = PBXBuildFile; fileRef = FEBD9E132DE86A6C8AF1796F /* Cocoa.framework */; };
/* End PBXBuildFile section */

/* Begin PBXContainerItemProxy section */
		3862BBEDB430CC4DC941AB02 /* PBXContainerItemProxy */ = {
			isa = PBXContainerItemProxy;
			containerPortal = 95D1AB7950CAF5893B0CACAB /* Project object */;
			proxyType = 1;
			remoteGlobalIDString = FE3A9BDC67DC50FA39828176;
			remoteInfo = NoType;
		};
		8F4590064C1DBAD338C57B27 /* PBXContainerItemProxy */ = {
			isa = PBXContainerItemProxy;
			containerPortal = 95D1AB7950CAF5893B0CACAB /* Project object */;
			proxyType = 1;
			remoteGlobalIDString = 0AF50BB06236D34FF4512968;
			remoteInfo = NoTypeEditorCore;
		};
		B2A5DE27962B01E9A38806EF /* PBXContainerItemProxy */ = {
			isa = PBXContainerItemProxy;
			containerPortal = 95D1AB7950CAF5893B0CACAB /* Project object */;
			proxyType = 1;
			remoteGlobalIDString = 0AF50BB06236D34FF4512968;
			remoteInfo = NoTypeEditorCore;
		};
/* End PBXContainerItemProxy section */

/* Begin PBXFileReference section */
		0515BA3C225637D08147D9E5 /* HUDPanelController.swift */ = {isa = PBXFileReference; includeInIndex = 1; lastKnownFileType = sourcecode.swift; path = HUDPanelController.swift; sourceTree = "<group>"; };
		11162AEE9CAB32D0DD4957DA /* NoTypeEditor */ = {isa = PBXFileReference; includeInIndex = 0; path = NoTypeEditor; sourceTree = BUILT_PRODUCTS_DIR; };
		139043933FA7B548F606583B /* EditorBridgeClient.swift */ = {isa = PBXFileReference; includeInIndex = 1; lastKnownFileType = sourcecode.swift; path = EditorBridgeClient.swift; sourceTree = "<group>"; };
		13FDFD6FEB26885EE3E03252 /* AgentEditorIntegrationService.swift */ = {isa = PBXFileReference; includeInIndex = 1; lastKnownFileType = sourcecode.swift; path = AgentEditorIntegrationService.swift; sourceTree = "<group>"; };
		14F59F397F88AECEFF00957E /* NoTypeTests.swift */ = {isa = PBXFileReference; includeInIndex = 1; lastKnownFileType = sourcecode.swift; path = NoTypeTests.swift; sourceTree = "<group>"; };
		20A5708E491964F2826483DB /* AudioCaptureService.swift */ = {isa = PBXFileReference; includeInIndex = 1; lastKnownFileType = sourcecode.swift; path = AudioCaptureService.swift; sourceTree = "<group>"; };
		23B1627D00667283C19B2417 /* KeychainClient.swift */ = {isa = PBXFileReference; includeInIndex = 1; lastKnownFileType = sourcecode.swift; path = KeychainClient.swift; sourceTree = "<group>"; };
		27C5301DEFA6F27B7FCE3711 /* PCMUtilities.swift */ = {isa = PBXFileReference; includeInIndex = 1; lastKnownFileType = sourcecode.swift; path = PCMUtilities.swift; sourceTree = "<group>"; };
		29C81F69312FE713BE73CE54 /* SelectionTranslationTests.swift */ = {isa = PBXFileReference; includeInIndex = 1; lastKnownFileType = sourcecode.swift; path = SelectionTranslationTests.swift; sourceTree = "<group>"; };
		2DEC8F610329120330D351A1 /* MenuBarContentView.swift */ = {isa = PBXFileReference; includeInIndex = 1; lastKnownFileType = sourcecode.swift; path = MenuBarContentView.swift; sourceTree = "<group>"; };
		3040504722C5659C4FAB7C6F /* SelectionTranslationModel.swift */ = {isa = PBXFileReference; includeInIndex = 1; lastKnownFileType = sourcecode.swift; path = SelectionTranslationModel.swift; sourceTree = "<group>"; };
		310FEC59385CBCFD66F34B6D /* TranscriptFormatter.swift */ = {isa = PBXFileReference; includeInIndex = 1; lastKnownFileType = sourcecode.swift; path = TranscriptFormatter.swift; sourceTree = "<group>"; };
		3916D8481E915CED69E1E040 /* MenuBarIconProvider.swift */ = {isa = PBXFileReference; includeInIndex = 1; lastKnownFileType = sourcecode.swift; path = MenuBarIconProvider.swift; sourceTree = "<group>"; };
		3DEA42D41E4B9CD6C2535893 /* InputSourceService.swift */ = {isa = PBXFileReference; includeInIndex = 1; lastKnownFileType = sourcecode.swift; path = InputSourceService.swift; sourceTree = "<group>"; };
		3E7E750ABD4988F0FED4E947 /* HUDPanelView.swift */ = {isa = PBXFileReference; includeInIndex = 1; lastKnownFileType = sourcecode.swift; path = HUDPanelView.swift; sourceTree = "<group>"; };
		3F15F91FA7E4AE2CCDF768F8 /* NoTypeBridgeService.swift */ = {isa = PBXFileReference; includeInIndex = 1; lastKnownFileType = sourcecode.swift; path = NoTypeBridgeService.swift; sourceTree = "<group>"; };
		403A5AB196BFA611244929E6 /* NoTypeAppModel.swift */ = {isa = PBXFileReference; includeInIndex = 1; lastKnownFileType = sourcecode.swift; path = NoTypeAppModel.swift; sourceTree = "<group>"; };
		4D3AFD0ABCFC8EEFB2EA53BD /* libNoTypeEditorCore.a */ = {isa = PBXFileReference; explicitFileType = archive.ar; includeInIndex = 0; path = libNoTypeEditorCore.a; sourceTree = BUILT_PRODUCTS_DIR; };
		4DC1F8B5BE442C296708AE2B /* NoTypeEditor.swift */ = {isa = PBXFileReference; includeInIndex = 1; lastKnownFileType = sourcecode.swift; path = NoTypeEditor.swift; sourceTree = "<group>"; };
		504A3E8DC3FC0D278F063912 /* NoTypeIcon.icns */ = {isa = PBXFileReference; includeInIndex = 1; path = NoTypeIcon.icns; sourceTree = "<group>"; };
		54A2D347B0788F20CF45963A /* NoTypeTests.xctest */ = {isa = PBXFileReference; explicitFileType = wrapper.cfbundle; includeInIndex = 0; path = NoTypeTests.xctest; sourceTree = BUILT_PRODUCTS_DIR; };
		591770F63C70F930CA7DC552 /* HotkeyService.swift */ = {isa = PBXFileReference; includeInIndex = 1; lastKnownFileType = sourcecode.swift; path = HotkeyService.swift; sourceTree = "<group>"; };
		6D98C749AF1C132565BC13F4 /* Info.plist */ = {isa = PBXFileReference; includeInIndex = 1; lastKnownFileType = text.plist.xml; path = Info.plist; sourceTree = "<group>"; };
		7500507A08B58D54CA5A4DDE /* SettingsStore.swift */ = {isa = PBXFileReference; includeInIndex = 1; lastKnownFileType = sourcecode.swift; path = SettingsStore.swift; sourceTree = "<group>"; };
		7DBF325987EB259A924206D1 /* SelectionTranslationView.swift */ = {isa = PBXFileReference; includeInIndex = 1; lastKnownFileType = sourcecode.swift; path = SelectionTranslationView.swift; sourceTree = "<group>"; };
		A85530FEB3C9BCCA6F7EA719 /* DictationModels.swift */ = {isa = PBXFileReference; includeInIndex = 1; lastKnownFileType = sourcecode.swift; path = DictationModels.swift; sourceTree = "<group>"; };
		A904CA7CED93D19FE69E2B31 /* OnboardingView.swift */ = {isa = PBXFileReference; includeInIndex = 1; lastKnownFileType = sourcecode.swift; path = OnboardingView.swift; sourceTree = "<group>"; };
		B17AFA700F8D2CD1E593EBE3 /* AppSettings.swift */ = {isa = PBXFileReference; includeInIndex = 1; lastKnownFileType = sourcecode.swift; path = AppSettings.swift; sourceTree = "<group>"; };
		B17C6DA61B627CBECABD3D2C /* NoType.app */ = {isa = PBXFileReference; explicitFileType = wrapper.application; includeInIndex = 0; path = NoType.app; sourceTree = BUILT_PRODUCTS_DIR; };
		BB245586D79179092A57AEAE /* DoubaoStreamingASRProvider.swift */ = {isa = PBXFileReference; includeInIndex = 1; lastKnownFileType = sourcecode.swift; path = DoubaoStreamingASRProvider.swift; sourceTree = "<group>"; };
		C4C07CB58CD8973899455E92 /* PermissionService.swift */ = {isa = PBXFileReference; includeInIndex = 1; lastKnownFileType = sourcecode.swift; path = PermissionService.swift; sourceTree = "<group>"; };
		CC4E23FA6BA3D508D852BDA3 /* NoType.swift */ = {isa = PBXFileReference; includeInIndex = 1; lastKnownFileType = sourcecode.swift; path = NoType.swift; sourceTree = "<group>"; };
		D47D69423B2B508A182DA91D /* TripleSpaceTriggerService.swift */ = {isa = PBXFileReference; includeInIndex = 1; lastKnownFileType = sourcecode.swift; path = TripleSpaceTriggerService.swift; sourceTree = "<group>"; };
		DAFC2205141FF16D60C42EDF /* SettingsView.swift */ = {isa = PBXFileReference; includeInIndex = 1; lastKnownFileType = sourcecode.swift; path = SettingsView.swift; sourceTree = "<group>"; };
		DBB1964AD660AD5353B5485E /* SelectionTranslationPanelController.swift */ = {isa = PBXFileReference; includeInIndex = 1; lastKnownFileType = sourcecode.swift; path = SelectionTranslationPanelController.swift; sourceTree = "<group>"; };
		E26CF66264AEA3A1B6CEF338 /* TextInsertionService.swift */ = {isa = PBXFileReference; includeInIndex = 1; lastKnownFileType = sourcecode.swift; path = TextInsertionService.swift; sourceTree = "<group>"; };
		E9FBC03338D991964D0155A9 /* EditorBuffer.swift */ = {isa = PBXFileReference; includeInIndex = 1; lastKnownFileType = sourcecode.swift; path = EditorBuffer.swift; sourceTree = "<group>"; };
		EA4DB26ADE37174D2070D462 /* ASRProvider.swift */ = {isa = PBXFileReference; includeInIndex = 1; lastKnownFileType = sourcecode.swift; path = ASRProvider.swift; sourceTree = "<group>"; };
		F5080A991B4430B046FE9576 /* AIRewriteService.swift */ = {isa = PBXFileReference; includeInIndex = 1; lastKnownFileType = sourcecode.swift; path = AIRewriteService.swift; sourceTree = "<group>"; };
		FEBD9E132DE86A6C8AF1796F /* Cocoa.framework */ = {isa = PBXFileReference; lastKnownFileType = wrapper.framework; name = Cocoa.framework; path = Platforms/MacOSX.platform/Developer/SDKs/MacOSX15.0.sdk/System/Library/Frameworks/Cocoa.framework; sourceTree = DEVELOPER_DIR; };
/* End PBXFileReference section */

/* Begin PBXFrameworksBuildPhase section */
		071FA534CBCCB4E48496986C /* Frameworks */ = {
			isa = PBXFrameworksBuildPhase;
			buildActionMask = 2147483647;
			files = (
				953F9FE20F68D463E7CCCB5E /* Cocoa.framework in Frameworks */,
				B5A3A6880ABE834194652E6E /* libNoTypeEditorCore.a in Frameworks */,
			);
			runOnlyForDeploymentPostprocessing = 0;
		};
		5D2354F9DF270E396DAB55D2 /* Frameworks */ = {
			isa = PBXFrameworksBuildPhase;
			buildActionMask = 2147483647;
			files = (
			);
			runOnlyForDeploymentPostprocessing = 0;
		};
		7AE49463BCE9FBD29B071DEC /* Frameworks */ = {
			isa = PBXFrameworksBuildPhase;
			buildActionMask = 2147483647;
			files = (
				58964A75C0FF7376118FDBB7 /* Cocoa.framework in Frameworks */,
			);
			runOnlyForDeploymentPostprocessing = 0;
		};
		D486CFBAB6CBB9DACA115F12 /* Frameworks */ = {
			isa = PBXFrameworksBuildPhase;
			buildActionMask = 2147483647;
			files = (
				FD6740F99E3C6798C7EBC1D8 /* Cocoa.framework in Frameworks */,
				BADF919106255AACA408A271 /* libNoTypeEditorCore.a in Frameworks */,
			);
			runOnlyForDeploymentPostprocessing = 0;
		};
/* End PBXFrameworksBuildPhase section */

/* Begin PBXGroup section */
		03D964BD76DA89FF4831CB89 /* NoTypeEditor */ = {
			isa = PBXGroup;
			children = (
				139043933FA7B548F606583B /* EditorBridgeClient.swift */,
				4DC1F8B5BE442C296708AE2B /* NoTypeEditor.swift */,
			);
			name = NoTypeEditor;
			path = NoTypeEditor;
			sourceTree = "<group>";
		};
		05D9B0730622A7A3FC670A31 /* Models */ = {
			isa = PBXGroup;
			children = (
				B17AFA700F8D2CD1E593EBE3 /* AppSettings.swift */,
				A85530FEB3C9BCCA6F7EA719 /* DictationModels.swift */,
				3040504722C5659C4FAB7C6F /* SelectionTranslationModel.swift */,
			);
			name = Models;
			path = Models;
			sourceTree = "<group>";
		};
		21D6FB6195D8C9CC9D3C3933 /* Services */ = {
			isa = PBXGroup;
			children = (
				F5080A991B4430B046FE9576 /* AIRewriteService.swift */,
				EA4DB26ADE37174D2070D462 /* ASRProvider.swift */,
				13FDFD6FEB26885EE3E03252 /* AgentEditorIntegrationService.swift */,
				20A5708E491964F2826483DB /* AudioCaptureService.swift */,
				BB245586D79179092A57AEAE /* DoubaoStreamingASRProvider.swift */,
				591770F63C70F930CA7DC552 /* HotkeyService.swift */,
				3DEA42D41E4B9CD6C2535893 /* InputSourceService.swift */,
				23B1627D00667283C19B2417 /* KeychainClient.swift */,
				3F15F91FA7E4AE2CCDF768F8 /* NoTypeBridgeService.swift */,
				C4C07CB58CD8973899455E92 /* PermissionService.swift */,
				7500507A08B58D54CA5A4DDE /* SettingsStore.swift */,
				E26CF66264AEA3A1B6CEF338 /* TextInsertionService.swift */,
				D47D69423B2B508A182DA91D /* TripleSpaceTriggerService.swift */,
			);
			name = Services;
			path = Services;
			sourceTree = "<group>";
		};
		49AF1C44D58BA89CDDFE800C /* Support */ = {
			isa = PBXGroup;
			children = (
				27C5301DEFA6F27B7FCE3711 /* PCMUtilities.swift */,
				310FEC59385CBCFD66F34B6D /* TranscriptFormatter.swift */,
			);
			name = Support;
			path = Support;
			sourceTree = "<group>";
		};
		4A8A902DED06A22816ABE287 /* packaging */ = {
			isa = PBXGroup;
			children = (
				504A3E8DC3FC0D278F063912 /* NoTypeIcon.icns */,
				6D98C749AF1C132565BC13F4 /* Info.plist */,
			);
			name = packaging;
			path = packaging;
			sourceTree = "<group>";
		};
		5764EF64E3F049F66FB6F7A6 /* Views */ = {
			isa = PBXGroup;
			children = (
				3E7E750ABD4988F0FED4E947 /* HUDPanelView.swift */,
				2DEC8F610329120330D351A1 /* MenuBarContentView.swift */,
				A904CA7CED93D19FE69E2B31 /* OnboardingView.swift */,
				DAFC2205141FF16D60C42EDF /* SettingsView.swift */,
				7DBF325987EB259A924206D1 /* SelectionTranslationView.swift */,
			);
			name = Views;
			path = Views;
			sourceTree = "<group>";
		};
		63C29BF3B0F0D3BF409E9F0A /* App */ = {
			isa = PBXGroup;
			children = (
				0515BA3C225637D08147D9E5 /* HUDPanelController.swift */,
				3916D8481E915CED69E1E040 /* MenuBarIconProvider.swift */,
				403A5AB196BFA611244929E6 /* NoTypeAppModel.swift */,
				DBB1964AD660AD5353B5485E /* SelectionTranslationPanelController.swift */,
			);
			name = App;
			path = App;
			sourceTree = "<group>";
		};
		794ECE5E4D2E52794F91B395 /* Products */ = {
			isa = PBXGroup;
			children = (
				B17C6DA61B627CBECABD3D2C /* NoType.app */,
				4D3AFD0ABCFC8EEFB2EA53BD /* libNoTypeEditorCore.a */,
				11162AEE9CAB32D0DD4957DA /* NoTypeEditor */,
				54A2D347B0788F20CF45963A /* NoTypeTests.xctest */,
			);
			name = Products;
			sourceTree = "<group>";
		};
		7B43F6A019C666B0F87EC770 /* NoType */ = {
			isa = PBXGroup;
			children = (
				63C29BF3B0F0D3BF409E9F0A /* App */,
				05D9B0730622A7A3FC670A31 /* Models */,
				CC4E23FA6BA3D508D852BDA3 /* NoType.swift */,
				21D6FB6195D8C9CC9D3C3933 /* Services */,
				49AF1C44D58BA89CDDFE800C /* Support */,
				5764EF64E3F049F66FB6F7A6 /* Views */,
			);
			name = NoType;
			path = NoType;
			sourceTree = "<group>";
		};
		9BC79F671CC0FD36A330B4B0 = {
			isa = PBXGroup;
			children = (
				794ECE5E4D2E52794F91B395 /* Products */,
				A492BF2731AC0A3841505B94 /* Frameworks */,
				9EF48128FE533C3528493FAC /* Sources */,
				FA145FA5D000B90AC1E88759 /* Tests */,
				4A8A902DED06A22816ABE287 /* packaging */,
			);
			sourceTree = "<group>";
		};
		9EF48128FE533C3528493FAC /* Sources */ = {
			isa = PBXGroup;
			children = (
				7B43F6A019C666B0F87EC770 /* NoType */,
				E6AE93007C173DC2512CADC5 /* NoTypeEditorCore */,
				03D964BD76DA89FF4831CB89 /* NoTypeEditor */,
			);
			name = Sources;
			path = Sources;
			sourceTree = "<group>";
		};
		A492BF2731AC0A3841505B94 /* Frameworks */ = {
			isa = PBXGroup;
			children = (
				A50E9BBFF5C20EA5E4959965 /* OS X */,
			);
			name = Frameworks;
			sourceTree = "<group>";
		};
		A50E9BBFF5C20EA5E4959965 /* OS X */ = {
			isa = PBXGroup;
			children = (
				FEBD9E132DE86A6C8AF1796F /* Cocoa.framework */,
			);
			name = "OS X";
			sourceTree = "<group>";
		};
		C479F38B1E06B447EB509BCF /* NoTypeTests */ = {
			isa = PBXGroup;
			children = (
				14F59F397F88AECEFF00957E /* NoTypeTests.swift */,
				29C81F69312FE713BE73CE54 /* SelectionTranslationTests.swift */,
			);
			name = NoTypeTests;
			path = NoTypeTests;
			sourceTree = "<group>";
		};
		E6AE93007C173DC2512CADC5 /* NoTypeEditorCore */ = {
			isa = PBXGroup;
			children = (
				E9FBC03338D991964D0155A9 /* EditorBuffer.swift */,
			);
			name = NoTypeEditorCore;
			path = NoTypeEditorCore;
			sourceTree = "<group>";
		};
		FA145FA5D000B90AC1E88759 /* Tests */ = {
			isa = PBXGroup;
			children = (
				C479F38B1E06B447EB509BCF /* NoTypeTests */,
			);
			name = Tests;
			path = Tests;
			sourceTree = "<group>";
		};
/* End PBXGroup section */

/* Begin PBXHeadersBuildPhase section */
		692A493E2A2493C44CE65105 /* Headers */ = {
			isa = PBXHeadersBuildPhase;
			buildActionMask = 2147483647;
			files = (
			);
			runOnlyForDeploymentPostprocessing = 0;
		};
/* End PBXHeadersBuildPhase section */

/* Begin PBXNativeTarget section */
		0AF50BB06236D34FF4512968 /* NoTypeEditorCore */ = {
			isa = PBXNativeTarget;
			buildConfigurationList = 7576D46C09F922FB37E5E930 /* Build configuration list for PBXNativeTarget "NoTypeEditorCore" */;
			buildPhases = (
				692A493E2A2493C44CE65105 /* Headers */,
				7DCBD29C6F8E5650061CA8B4 /* Sources */,
				5D2354F9DF270E396DAB55D2 /* Frameworks */,
			);
			buildRules = (
			);
			dependencies = (
			);
			name = NoTypeEditorCore;
			productName = NoTypeEditorCore;
			productReference = 4D3AFD0ABCFC8EEFB2EA53BD /* libNoTypeEditorCore.a */;
			productType = "com.apple.product-type.library.static";
		};
		11F059312823F4A81214B8B6 /* NoTypeTests */ = {
			isa = PBXNativeTarget;
			buildConfigurationList = 372B7BDFDEE76459A22AD5FB /* Build configuration list for PBXNativeTarget "NoTypeTests" */;
			buildPhases = (
				21E571F091A58F959B8040E4 /* Sources */,
				D486CFBAB6CBB9DACA115F12 /* Frameworks */,
				933B046217A148783B4BD69F /* Resources */,
			);
			buildRules = (
			);
			dependencies = (
				A8FCD0957DA5E0D7FA25AB61 /* PBXTargetDependency */,
				6A38668940979EBF48F47048 /* PBXTargetDependency */,
			);
			name = NoTypeTests;
			productName = NoTypeTests;
			productReference = 54A2D347B0788F20CF45963A /* NoTypeTests.xctest */;
			productType = "com.apple.product-type.bundle.unit-test";
		};
		1B79E749E325364E0450CE01 /* NoTypeEditor */ = {
			isa = PBXNativeTarget;
			buildConfigurationList = E6D090B6BBF58D0430387667 /* Build configuration list for PBXNativeTarget "NoTypeEditor" */;
			buildPhases = (
				A3D8E5EC92034388336D6041 /* Sources */,
				071FA534CBCCB4E48496986C /* Frameworks */,
			);
			buildRules = (
			);
			dependencies = (
				0D2B545B81EEFCC77A924348 /* PBXTargetDependency */,
			);
			name = NoTypeEditor;
			productName = NoTypeEditor;
			productReference = 11162AEE9CAB32D0DD4957DA /* NoTypeEditor */;
			productType = "com.apple.product-type.tool";
		};
		FE3A9BDC67DC50FA39828176 /* NoType */ = {
			isa = PBXNativeTarget;
			buildConfigurationList = 91F544C320C0D67BBED11B67 /* Build configuration list for PBXNativeTarget "NoType" */;
			buildPhases = (
				B69F99A26513104326AD558B /* Sources */,
				7AE49463BCE9FBD29B071DEC /* Frameworks */,
				D082F4A843604869BE18B2DF /* Resources */,
			);
			buildRules = (
			);
			dependencies = (
			);
			name = NoType;
			productName = NoType;
			productReference = B17C6DA61B627CBECABD3D2C /* NoType.app */;
			productType = "com.apple.product-type.application";
		};
/* End PBXNativeTarget section */

/* Begin PBXProject section */
		95D1AB7950CAF5893B0CACAB /* Project object */ = {
			isa = PBXProject;
			attributes = {
				LastSwiftUpdateCheck = 1600;
				LastUpgradeCheck = 2640;
				TargetAttributes = {
					0AF50BB06236D34FF4512968 = {
						CreatedOnToolsVersion = 26.4;
					};
					11F059312823F4A81214B8B6 = {
						CreatedOnToolsVersion = 26.4;
						TestTargetID = FE3A9BDC67DC50FA39828176;
					};
					1B79E749E325364E0450CE01 = {
						CreatedOnToolsVersion = 26.4;
					};
					FE3A9BDC67DC50FA39828176 = {
						CreatedOnToolsVersion = 26.4;
					};
				};
			};
			buildConfigurationList = 629799AFE0F0D46EE57B19D4 /* Build configuration list for PBXProject "NoType" */;
			compatibilityVersion = "Xcode 3.2";
			developmentRegion = en;
			hasScannedForEncodings = 0;
			knownRegions = (
				en,
				Base,
			);
			mainGroup = 9BC79F671CC0FD36A330B4B0;
			minimizedProjectReferenceProxies = 0;
			preferredProjectObjectVersion = 77;
			productRefGroup = 794ECE5E4D2E52794F91B395 /* Products */;
			projectDirPath = "";
			projectRoot = "";
			targets = (
				FE3A9BDC67DC50FA39828176 /* NoType */,
				0AF50BB06236D34FF4512968 /* NoTypeEditorCore */,
				1B79E749E325364E0450CE01 /* NoTypeEditor */,
				11F059312823F4A81214B8B6 /* NoTypeTests */,
			);
		};
/* End PBXProject section */

/* Begin PBXResourcesBuildPhase section */
		933B046217A148783B4BD69F /* Resources */ = {
			isa = PBXResourcesBuildPhase;
			buildActionMask = 2147483647;
			files = (
			);
			runOnlyForDeploymentPostprocessing = 0;
		};
		D082F4A843604869BE18B2DF /* Resources */ = {
			isa = PBXResourcesBuildPhase;
			buildActionMask = 2147483647;
			files = (
				4A46CE001DC9183B347555BF /* NoTypeIcon.icns in Resources */,
			);
			runOnlyForDeploymentPostprocessing = 0;
		};
/* End PBXResourcesBuildPhase section */

/* Begin PBXSourcesBuildPhase section */
		21E571F091A58F959B8040E4 /* Sources */ = {
			isa = PBXSourcesBuildPhase;
			buildActionMask = 2147483647;
			files = (
				5A6C9AB9FBD16050BB48AC1D /* NoTypeTests.swift in Sources */,
				2FE96785F48C260DB3B29D3F /* SelectionTranslationTests.swift in Sources */,
			);
			runOnlyForDeploymentPostprocessing = 0;
		};
		7DCBD29C6F8E5650061CA8B4 /* Sources */ = {
			isa = PBXSourcesBuildPhase;
			buildActionMask = 2147483647;
			files = (
				D4FA4D39DD30A90029315070 /* EditorBuffer.swift in Sources */,
			);
			runOnlyForDeploymentPostprocessing = 0;
		};
		A3D8E5EC92034388336D6041 /* Sources */ = {
			isa = PBXSourcesBuildPhase;
			buildActionMask = 2147483647;
			files = (
				BD02AFCAB151DE67A918C1A3 /* EditorBridgeClient.swift in Sources */,
				C64FBD90111A4668AA95D2D7 /* NoTypeEditor.swift in Sources */,
			);
			runOnlyForDeploymentPostprocessing = 0;
		};
		B69F99A26513104326AD558B /* Sources */ = {
			isa = PBXSourcesBuildPhase;
			buildActionMask = 2147483647;
			files = (
				BF4C875081D649764B9D84AE /* HUDPanelController.swift in Sources */,
				3AE89D6CF602B4CB79C3D26A /* MenuBarIconProvider.swift in Sources */,
				3DE5AF76BC129BC73A0C93CC /* NoTypeAppModel.swift in Sources */,
				BA72325239DDBE022C6CE6D0 /* AppSettings.swift in Sources */,
				E7F1AAF1C012DED45E34A8BD /* DictationModels.swift in Sources */,
				ABA6728541E91D75E1FF8F9D /* NoType.swift in Sources */,
				079080066266F81D8A74F8B6 /* AIRewriteService.swift in Sources */,
				E51EF72F86452C56658AE86F /* ASRProvider.swift in Sources */,
				B2B838FCACCEA0F870EEF418 /* AgentEditorIntegrationService.swift in Sources */,
				8E42351762D7CE2D40BE8547 /* AudioCaptureService.swift in Sources */,
				6D89A537604989E9BFC96344 /* DoubaoStreamingASRProvider.swift in Sources */,
				9E4194F22C57FFE54C536416 /* HotkeyService.swift in Sources */,
				4B4021F3439BEE9F3A6CF49A /* InputSourceService.swift in Sources */,
				89A3C991DD66EA8A96E83417 /* KeychainClient.swift in Sources */,
				342FFD7C459A490D5E21DF29 /* NoTypeBridgeService.swift in Sources */,
				FA24BF42095A1A45219CFA2F /* PermissionService.swift in Sources */,
				34BCB024F0D165B194FDE0CD /* SettingsStore.swift in Sources */,
				23486F6282EBC5B17E029504 /* TextInsertionService.swift in Sources */,
				0106D982F218F82958BB7F38 /* TripleSpaceTriggerService.swift in Sources */,
				0EF77A398FCE84A397BAF380 /* PCMUtilities.swift in Sources */,
				3DD9588E891C02A7CAFC032D /* TranscriptFormatter.swift in Sources */,
				DDDFDC27852873931F8E8C19 /* HUDPanelView.swift in Sources */,
				0C1C143EFD1CD16B5FE9448A /* MenuBarContentView.swift in Sources */,
				5C33D0D59355F07E0CBC9545 /* OnboardingView.swift in Sources */,
				2F81AC2493F07442C0ADC242 /* SettingsView.swift in Sources */,
				4285D97C3869A7224BDD7F33 /* SelectionTranslationModel.swift in Sources */,
				C06F353CD2E58124CB4EA8BC /* SelectionTranslationPanelController.swift in Sources */,
				0CC2276B329D7AC5471862FB /* SelectionTranslationView.swift in Sources */,
			);
			runOnlyForDeploymentPostprocessing = 0;
		};
/* End PBXSourcesBuildPhase section */

/* Begin PBXTargetDependency section */
		0D2B545B81EEFCC77A924348 /* PBXTargetDependency */ = {
			isa = PBXTargetDependency;
			name = NoTypeEditorCore;
			target = 0AF50BB06236D34FF4512968 /* NoTypeEditorCore */;
			targetProxy = 8F4590064C1DBAD338C57B27 /* PBXContainerItemProxy */;
		};
		6A38668940979EBF48F47048 /* PBXTargetDependency */ = {
			isa = PBXTargetDependency;
			name = NoTypeEditorCore;
			target = 0AF50BB06236D34FF4512968 /* NoTypeEditorCore */;
			targetProxy = B2A5DE27962B01E9A38806EF /* PBXContainerItemProxy */;
		};
		A8FCD0957DA5E0D7FA25AB61 /* PBXTargetDependency */ = {
			isa = PBXTargetDependency;
			name = NoType;
			target = FE3A9BDC67DC50FA39828176 /* NoType */;
			targetProxy = 3862BBEDB430CC4DC941AB02 /* PBXContainerItemProxy */;
		};
/* End PBXTargetDependency section */

/* Begin XCBuildConfiguration section */
		45C282136A4E81413508E715 /* Debug */ = {
			isa = XCBuildConfiguration;
			buildSettings = {
				ALWAYS_SEARCH_USER_PATHS = NO;
				CLANG_ANALYZER_NONNULL = YES;
				CLANG_ANALYZER_NUMBER_OBJECT_CONVERSION = YES_AGGRESSIVE;
				CLANG_CXX_LANGUAGE_STANDARD = "gnu++14";
				CLANG_CXX_LIBRARY = "libc++";
				CLANG_ENABLE_MODULES = YES;
				CLANG_ENABLE_OBJC_ARC = YES;
				CLANG_ENABLE_OBJC_WEAK = YES;
				CLANG_WARN_BLOCK_CAPTURE_AUTORELEASING = YES;
				CLANG_WARN_BOOL_CONVERSION = YES;
				CLANG_WARN_COMMA = YES;
				CLANG_WARN_CONSTANT_CONVERSION = YES;
				CLANG_WARN_DEPRECATED_OBJC_IMPLEMENTATIONS = YES;
				CLANG_WARN_DIRECT_OBJC_ISA_USAGE = YES_ERROR;
				CLANG_WARN_DOCUMENTATION_COMMENTS = YES;
				CLANG_WARN_EMPTY_BODY = YES;
				CLANG_WARN_ENUM_CONVERSION = YES;
				CLANG_WARN_INFINITE_RECURSION = YES;
				CLANG_WARN_INT_CONVERSION = YES;
				CLANG_WARN_NON_LITERAL_NULL_CONVERSION = YES;
				CLANG_WARN_OBJC_IMPLICIT_RETAIN_SELF = YES;
				CLANG_WARN_OBJC_LITERAL_CONVERSION = YES;
				CLANG_WARN_OBJC_ROOT_CLASS = YES_ERROR;
				CLANG_WARN_QUOTED_INCLUDE_IN_FRAMEWORK_HEADER = YES;
				CLANG_WARN_RANGE_LOOP_ANALYSIS = YES;
				CLANG_WARN_STRICT_PROTOTYPES = YES;
				CLANG_WARN_SUSPICIOUS_MOVE = YES;
				CLANG_WARN_UNGUARDED_AVAILABILITY = YES_AGGRESSIVE;
				CLANG_WARN_UNREACHABLE_CODE = YES;
				CLANG_WARN__DUPLICATE_METHOD_MATCH = YES;
				COPY_PHASE_STRIP = NO;
				DEBUG_INFORMATION_FORMAT = dwarf;
				ENABLE_STRICT_OBJC_MSGSEND = YES;
				ENABLE_TESTABILITY = YES;
				GCC_C_LANGUAGE_STANDARD = gnu11;
				GCC_DYNAMIC_NO_PIC = NO;
				GCC_NO_COMMON_BLOCKS = YES;
				GCC_OPTIMIZATION_LEVEL = 0;
				GCC_PREPROCESSOR_DEFINITIONS = (
					"DEBUG=1",
					"$(inherited)",
				);
				GCC_WARN_64_TO_32_BIT_CONVERSION = YES;
				GCC_WARN_ABOUT_RETURN_TYPE = YES_ERROR;
				GCC_WARN_UNDECLARED_SELECTOR = YES;
				GCC_WARN_UNINITIALIZED_AUTOS = YES_AGGRESSIVE;
				GCC_WARN_UNUSED_FUNCTION = YES;
				GCC_WARN_UNUSED_VARIABLE = YES;
				MTL_ENABLE_DEBUG_INFO = INCLUDE_SOURCE;
				MTL_FAST_MATH = YES;
				ONLY_ACTIVE_ARCH = YES;
				PRODUCT_NAME = "$(TARGET_NAME)";
				SWIFT_ACTIVE_COMPILATION_CONDITIONS = DEBUG;
				SWIFT_OPTIMIZATION_LEVEL = "-Onone";
				SWIFT_VERSION = 5.0;
			};
			name = Debug;
		};
		51BB6F872E7CC78E8C02A08B /* Release */ = {
			isa = XCBuildConfiguration;
			buildSettings = {
				ASSETCATALOG_COMPILER_APPICON_NAME = AppIcon;
				ASSETCATALOG_COMPILER_GENERATE_SWIFT_ASSET_SYMBOL_EXTENSIONS = NO;
				ASSETCATALOG_COMPILER_GLOBAL_ACCENT_COLOR_NAME = AccentColor;
				CODE_SIGN_STYLE = Automatic;
				COMBINE_HIDPI_IMAGES = YES;
				CURRENT_PROJECT_VERSION = 1;
				ENABLE_HARDENED_RUNTIME = YES;
				GENERATE_INFOPLIST_FILE = NO;
				INFOPLIST_FILE = packaging/Info.plist;
				LD_RUNPATH_SEARCH_PATHS = "$(inherited) @executable_path/../Frameworks";
				MACOSX_DEPLOYMENT_TARGET = 14.0;
				MARKETING_VERSION = 1.0.0;
				PRODUCT_BUNDLE_IDENTIFIER = com.opensource.notype;
				PRODUCT_NAME = NoType;
				SDKROOT = macosx;
				SWIFT_VERSION = 6.0;
			};
			name = Release;
		};
		6C5770C769BEAE81EB9918B9 /* Release */ = {
			isa = XCBuildConfiguration;
			buildSettings = {
				CODE_SIGN_STYLE = Automatic;
				ENABLE_HARDENED_RUNTIME = YES;
				MACOSX_DEPLOYMENT_TARGET = 14.0;
				PRODUCT_NAME = NoTypeEditor;
				SDKROOT = macosx;
				SWIFT_VERSION = 6.0;
			};
			name = Release;
		};
		6E656F04714E590F4DEACBFE /* Debug */ = {
			isa = XCBuildConfiguration;
			buildSettings = {
				CODE_SIGN_STYLE = Automatic;
				ENABLE_HARDENED_RUNTIME = YES;
				MACOSX_DEPLOYMENT_TARGET = 14.0;
				PRODUCT_NAME = NoTypeEditor;
				SDKROOT = macosx;
				SWIFT_VERSION = 6.0;
			};
			name = Debug;
		};
		7E62E3593F5913679E96E973 /* Release */ = {
			isa = XCBuildConfiguration;
			buildSettings = {
				BUNDLE_LOADER = "$(TEST_HOST)";
				CODE_SIGN_STYLE = Automatic;
				GENERATE_INFOPLIST_FILE = YES;
				LD_RUNPATH_SEARCH_PATHS = "$(inherited) @executable_path/../Frameworks @loader_path/../Frameworks";
				MACOSX_DEPLOYMENT_TARGET = 14.0;
				PRODUCT_BUNDLE_IDENTIFIER = com.opensource.notype.tests;
				PRODUCT_NAME = NoTypeTests;
				SDKROOT = macosx;
				SWIFT_VERSION = 6.0;
				TEST_HOST = "$(BUILT_PRODUCTS_DIR)/NoType.app/Contents/MacOS/NoType";
			};
			name = Release;
		};
		806243B19209FCE459076B1E /* Debug */ = {
			isa = XCBuildConfiguration;
			buildSettings = {
				ASSETCATALOG_COMPILER_APPICON_NAME = AppIcon;
				ASSETCATALOG_COMPILER_GENERATE_SWIFT_ASSET_SYMBOL_EXTENSIONS = NO;
				ASSETCATALOG_COMPILER_GLOBAL_ACCENT_COLOR_NAME = AccentColor;
				CODE_SIGN_STYLE = Automatic;
				COMBINE_HIDPI_IMAGES = YES;
				CURRENT_PROJECT_VERSION = 1;
				ENABLE_HARDENED_RUNTIME = YES;
				GENERATE_INFOPLIST_FILE = NO;
				INFOPLIST_FILE = packaging/Info.plist;
				LD_RUNPATH_SEARCH_PATHS = "$(inherited) @executable_path/../Frameworks";
				MACOSX_DEPLOYMENT_TARGET = 14.0;
				MARKETING_VERSION = 1.0.0;
				PRODUCT_BUNDLE_IDENTIFIER = com.opensource.notype;
				PRODUCT_NAME = NoType;
				SDKROOT = macosx;
				SWIFT_VERSION = 6.0;
			};
			name = Debug;
		};
		82ED197AEA75282BA34793ED /* Debug */ = {
			isa = XCBuildConfiguration;
			buildSettings = {
				BUNDLE_LOADER = "$(TEST_HOST)";
				CODE_SIGN_STYLE = Automatic;
				GENERATE_INFOPLIST_FILE = YES;
				LD_RUNPATH_SEARCH_PATHS = "$(inherited) @executable_path/../Frameworks @loader_path/../Frameworks";
				MACOSX_DEPLOYMENT_TARGET = 14.0;
				PRODUCT_BUNDLE_IDENTIFIER = com.opensource.notype.tests;
				PRODUCT_NAME = NoTypeTests;
				SDKROOT = macosx;
				SWIFT_VERSION = 6.0;
				TEST_HOST = "$(BUILT_PRODUCTS_DIR)/NoType.app/Contents/MacOS/NoType";
			};
			name = Debug;
		};
		89C83945E30EA8E9AA98E2C5 /* Release */ = {
			isa = XCBuildConfiguration;
			buildSettings = {
				ALWAYS_SEARCH_USER_PATHS = NO;
				CLANG_ANALYZER_NONNULL = YES;
				CLANG_ANALYZER_NUMBER_OBJECT_CONVERSION = YES_AGGRESSIVE;
				CLANG_CXX_LANGUAGE_STANDARD = "gnu++14";
				CLANG_CXX_LIBRARY = "libc++";
				CLANG_ENABLE_MODULES = YES;
				CLANG_ENABLE_OBJC_ARC = YES;
				CLANG_ENABLE_OBJC_WEAK = YES;
				CLANG_WARN_BLOCK_CAPTURE_AUTORELEASING = YES;
				CLANG_WARN_BOOL_CONVERSION = YES;
				CLANG_WARN_COMMA = YES;
				CLANG_WARN_CONSTANT_CONVERSION = YES;
				CLANG_WARN_DEPRECATED_OBJC_IMPLEMENTATIONS = YES;
				CLANG_WARN_DIRECT_OBJC_ISA_USAGE = YES_ERROR;
				CLANG_WARN_DOCUMENTATION_COMMENTS = YES;
				CLANG_WARN_EMPTY_BODY = YES;
				CLANG_WARN_ENUM_CONVERSION = YES;
				CLANG_WARN_INFINITE_RECURSION = YES;
				CLANG_WARN_INT_CONVERSION = YES;
				CLANG_WARN_NON_LITERAL_NULL_CONVERSION = YES;
				CLANG_WARN_OBJC_IMPLICIT_RETAIN_SELF = YES;
				CLANG_WARN_OBJC_LITERAL_CONVERSION = YES;
				CLANG_WARN_OBJC_ROOT_CLASS = YES_ERROR;
				CLANG_WARN_QUOTED_INCLUDE_IN_FRAMEWORK_HEADER = YES;
				CLANG_WARN_RANGE_LOOP_ANALYSIS = YES;
				CLANG_WARN_STRICT_PROTOTYPES = YES;
				CLANG_WARN_SUSPICIOUS_MOVE = YES;
				CLANG_WARN_UNGUARDED_AVAILABILITY = YES_AGGRESSIVE;
				CLANG_WARN_UNREACHABLE_CODE = YES;
				CLANG_WARN__DUPLICATE_METHOD_MATCH = YES;
				COPY_PHASE_STRIP = NO;
				DEBUG_INFORMATION_FORMAT = "dwarf-with-dsym";
				ENABLE_NS_ASSERTIONS = NO;
				ENABLE_STRICT_OBJC_MSGSEND = YES;
				GCC_C_LANGUAGE_STANDARD = gnu11;
				GCC_NO_COMMON_BLOCKS = YES;
				GCC_WARN_64_TO_32_BIT_CONVERSION = YES;
				GCC_WARN_ABOUT_RETURN_TYPE = YES_ERROR;
				GCC_WARN_UNDECLARED_SELECTOR = YES;
				GCC_WARN_UNINITIALIZED_AUTOS = YES_AGGRESSIVE;
				GCC_WARN_UNUSED_FUNCTION = YES;
				GCC_WARN_UNUSED_VARIABLE = YES;
				MTL_ENABLE_DEBUG_INFO = NO;
				MTL_FAST_MATH = YES;
				PRODUCT_NAME = "$(TARGET_NAME)";
				SWIFT_COMPILATION_MODE = wholemodule;
				SWIFT_OPTIMIZATION_LEVEL = "-O";
				SWIFT_VERSION = 5.0;
			};
			name = Release;
		};
		AC9FA6C15DC4E62BCEE217C6 /* Debug */ = {
			isa = XCBuildConfiguration;
			buildSettings = {
				CODE_SIGN_STYLE = Automatic;
				DEFINES_MODULE = YES;
				EXECUTABLE_PREFIX = lib;
				MACOSX_DEPLOYMENT_TARGET = 14.0;
				PRODUCT_NAME = NoTypeEditorCore;
				SDKROOT = macosx;
				SKIP_INSTALL = YES;
				SWIFT_VERSION = 6.0;
			};
			name = Debug;
		};
		CB75DA0C932D3E486378C2C2 /* Release */ = {
			isa = XCBuildConfiguration;
			buildSettings = {
				CODE_SIGN_STYLE = Automatic;
				DEFINES_MODULE = YES;
				EXECUTABLE_PREFIX = lib;
				MACOSX_DEPLOYMENT_TARGET = 14.0;
				PRODUCT_NAME = NoTypeEditorCore;
				SDKROOT = macosx;
				SKIP_INSTALL = YES;
				SWIFT_VERSION = 6.0;
			};
			name = Release;
		};
/* End XCBuildConfiguration section */

/* Begin XCConfigurationList section */
		372B7BDFDEE76459A22AD5FB /* Build configuration list for PBXNativeTarget "NoTypeTests" */ = {
			isa = XCConfigurationList;
			buildConfigurations = (
				7E62E3593F5913679E96E973 /* Release */,
				82ED197AEA75282BA34793ED /* Debug */,
			);
			defaultConfigurationIsVisible = 0;
			defaultConfigurationName = Release;
		};
		629799AFE0F0D46EE57B19D4 /* Build configuration list for PBXProject "NoType" */ = {
			isa = XCConfigurationList;
			buildConfigurations = (
				45C282136A4E81413508E715 /* Debug */,
				89C83945E30EA8E9AA98E2C5 /* Release */,
			);
			defaultConfigurationIsVisible = 0;
			defaultConfigurationName = Release;
		};
		7576D46C09F922FB37E5E930 /* Build configuration list for PBXNativeTarget "NoTypeEditorCore" */ = {
			isa = XCConfigurationList;
			buildConfigurations = (
				CB75DA0C932D3E486378C2C2 /* Release */,
				AC9FA6C15DC4E62BCEE217C6 /* Debug */,
			);
			defaultConfigurationIsVisible = 0;
			defaultConfigurationName = Release;
		};
		91F544C320C0D67BBED11B67 /* Build configuration list for PBXNativeTarget "NoType" */ = {
			isa = XCConfigurationList;
			buildConfigurations = (
				51BB6F872E7CC78E8C02A08B /* Release */,
				806243B19209FCE459076B1E /* Debug */,
			);
			defaultConfigurationIsVisible = 0;
			defaultConfigurationName = Release;
		};
		E6D090B6BBF58D0430387667 /* Build configuration list for PBXNativeTarget "NoTypeEditor" */ = {
			isa = XCConfigurationList;
			buildConfigurations = (
				6C5770C769BEAE81EB9918B9 /* Release */,
				6E656F04714E590F4DEACBFE /* Debug */,
			);
			defaultConfigurationIsVisible = 0;
			defaultConfigurationName = Release;
		};
/* End XCConfigurationList section */
	};
	rootObject = 95D1AB7950CAF5893B0CACAB /* Project object */;
}
